
Microsoft Visual Studio Solution File, Format Version 12.00
# Visual Studio Version 16
VisualStudioVersion = 16.0.30717.126
MinimumVisualStudioVersion = 10.0.40219.1
Project("{F16D4249-6279-474E-8826-742E7FF7445C}") = "PrettySheep", "PrettySheep\PrettySheep.z80cdproj", "{D0C90E27-ECE9-4A33-887F-DA0896BEA659}"
EndProject
Project("{F16D4249-6279-474E-8826-742E7FF7445C}") = "PrettySheep128", "PrettySheep128\PrettySheep128.z80cdproj", "{8ED29301-32DA-4E5A-B246-616AFE653DFE}"
EndProject
Global
	GlobalSection(SolutionProperties) = preSolution
		HideSolutionNode = FALSE
	EndGlobalSection
	GlobalSection(ExtensibilityGlobals) = postSolution
		SolutionGuid = {65CCBF72-8342-4057-905D-55E217B835DA}
	EndGlobalSection
EndGlobal
